{
  "name": "watchit",
  "version": "1.0.0",
  "lockfileVersion": 2,
  "requires": true,
  "packages": {
    "": {
      "name": "watchit",
      "version": "1.0.0",
      "license": "ISC",
      "dependencies": {
        "console-log-colors": "^0.2.3",
        "simple-node-logger": "^21.8.12"
      }
    },
    "node_modules/console-log-colors": {
      "version": "0.2.3",
      "resolved": "https://registry.npmjs.org/console-log-colors/-/console-log-colors-0.2.3.tgz",
      "integrity": "sha512-KAGsePEunvs575RFAIThR7sUBVuqXU0Y2tckA99k25itVAOa0hPwf3HkNVyQ7XnbisKvTp/gLnByjG9NTYt3hw==",
      "engines": {
        "node": ">= 4.1.0"
      }
    },
    "node_modules/lodash": {
      "version": "4.17.21",
      "resolved": "https://registry.npmjs.org/lodash/-/lodash-4.17.21.tgz",
      "integrity": "sha512-v2kDEe57lecTulaDIuNTPy3Ry4gLGJ6Z1O3vE1krgXZNrsQ+LFTGHVxVjcXPs17LhbZVGedAJv8XZ1tvj5FvSg=="
    },
    "node_modules/moment": {
      "version": "2.29.4",
      "resolved": "https://registry.npmjs.org/moment/-/moment-2.29.4.tgz",
      "integrity": "sha512-5LC9SOxjSc2HF6vO2CyuTDNivEdoz2IvyJJGj6X8DJ0eFyfszE0QiEd+iXmBvUP3WHxSjFH/vIsA0EN00cgr8w==",
      "engines": {
        "node": "*"
      }
    },
    "node_modules/simple-node-logger": {
      "version": "21.8.12",
      "resolved": "https://registry.npmjs.org/simple-node-logger/-/simple-node-logger-21.8.12.tgz",
      "integrity": "sha512-RPImnYDq3jdUjaTvYLghaF1n65Dd0LV8hdZtlT0X1NZBAkw+lx0ZJtFydcUyYKjg0Yxd27AW9IAIc3OLhTjBzA==",
      "dependencies": {
        "lodash": "^4.17.12",
        "moment": "^2.20.1"
      }
    }
  },
  "dependencies": {
    "console-log-colors": {
      "version": "0.2.3",
      "resolved": "https://registry.npmjs.org/console-log-colors/-/console-log-colors-0.2.3.tgz",
      "integrity": "sha512-KAGsePEunvs575RFAIThR7sUBVuqXU0Y2tckA99k25itVAOa0hPwf3HkNVyQ7XnbisKvTp/gLnByjG9NTYt3hw=="
    },
    "lodash": {
      "version": "4.17.21",
      "resolved": "https://registry.npmjs.org/lodash/-/lodash-4.17.21.tgz",
      "integrity": "sha512-v2kDEe57lecTulaDIuNTPy3Ry4gLGJ6Z1O3vE1krgXZNrsQ+LFTGHVxVjcXPs17LhbZVGedAJv8XZ1tvj5FvSg=="
    },
    "moment": {
      "version": "2.29.4",
      "resolved": "https://registry.npmjs.org/moment/-/moment-2.29.4.tgz",
      "integrity": "sha512-5LC9SOxjSc2HF6vO2CyuTDNivEdoz2IvyJJGj6X8DJ0eFyfszE0QiEd+iXmBvUP3WHxSjFH/vIsA0EN00cgr8w=="
    },
    "simple-node-logger": {
      "version": "21.8.12",
      "resolved": "https://registry.npmjs.org/simple-node-logger/-/simple-node-logger-21.8.12.tgz",
      "integrity": "sha512-RPImnYDq3jdUjaTvYLghaF1n65Dd0LV8hdZtlT0X1NZBAkw+lx0ZJtFydcUyYKjg0Yxd27AW9IAIc3OLhTjBzA==",
      "requires": {
        "lodash": "^4.17.12",
        "moment": "^2.20.1"
      }
    }
  }
}
